
Microsoft Visual Studio Solution File, Format Version 12.00
# Visual Studio Version 17
VisualStudioVersion = 17.6.33829.357
MinimumVisualStudioVersion = 10.0.40219.1
Project("{FAE04EC0-301F-11D3-BF4B-00C04F79EFBC}") = "TestWebAppForAzure", "TestWebAppForAzure\TestWebAppForAzure.csproj", "{AEBA5F63-75E1-468E-99D3-2A8B7FD12484}"
EndProject
Global
	GlobalSection(SolutionConfigurationPlatforms) = preSolution
		Debug|Any CPU = Debug|Any CPU
		Release|Any CPU = Release|Any CPU
	EndGlobalSection
	GlobalSection(ProjectConfigurationPlatforms) = postSolution
		{AEBA5F63-75E1-468E-99D3-2A8B7FD12484}.Debug|Any CPU.ActiveCfg = Debug|Any CPU
		{AEBA5F63-75E1-468E-99D3-2A8B7FD12484}.Debug|Any CPU.Build.0 = Debug|Any CPU
		{AEBA5F63-75E1-468E-99D3-2A8B7FD12484}.Release|Any CPU.ActiveCfg = Release|Any CPU
		{AEBA5F63-75E1-468E-99D3-2A8B7FD12484}.Release|Any CPU.Build.0 = Release|Any CPU
	EndGlobalSection
	GlobalSection(SolutionProperties) = preSolution
		HideSolutionNode = FALSE
	EndGlobalSection
	GlobalSection(ExtensibilityGlobals) = postSolution
		SolutionGuid = {3511A48A-584D-4DC1-9F30-B5156711ECA7}
	EndGlobalSection
EndGlobal
